// !$*UTF8*$!
{
	archiveVersion = 1;
	classes = {
	};
	objectVersion = 56;
	objects = {

/* Begin PBXBuildFile section */
		960070472AED0CF600AD47B7 /* RAKit in Frameworks */ = {isa = PBXBuildFile; productRef = 960070462AED0CF600AD47B7 /* RAKit */; };
		969BDF522AED0FE3006C93E2 /* HomeFeature.swift in Sources */ = {isa = PBXBuildFile; fileRef = 969BDF512AED0FE3006C93E2 /* HomeFeature.swift */; };
		969BDF542AED1132006C93E2 /* SearchFeature.swift in Sources */ = {isa = PBXBuildFile; fileRef = 969BDF532AED1132006C93E2 /* SearchFeature.swift */; };
		96F510012AE973F200FC0AC1 /* RADemoApp.swift in Sources */ = {isa = PBXBuildFile; fileRef = 96F510002AE973F200FC0AC1 /* RADemoApp.swift */; };
		96F510052AE973F300FC0AC1 /* Assets.xcassets in Resources */ = {isa = PBXBuildFile; fileRef = 96F510042AE973F300FC0AC1 /* Assets.xcassets */; };
		96F510082AE973F300FC0AC1 /* Preview Assets.xcassets in Resources */ = {isa = PBXBuildFile; fileRef = 96F510072AE973F300FC0AC1 /* Preview Assets.xcassets */; };
		96F510102AE9746400FC0AC1 /* ComposableArchitecture in Frameworks */ = {isa = PBXBuildFile; productRef = 96F5100F2AE9746400FC0AC1 /* ComposableArchitecture */; };
		96F510132AE9749300FC0AC1 /* AppFeature.swift in Sources */ = {isa = PBXBuildFile; fileRef = 96F510122AE9749300FC0AC1 /* AppFeature.swift */; };
		96F510162AE976E600FC0AC1 /* SplashFeature.swift in Sources */ = {isa = PBXBuildFile; fileRef = 96F510152AE976E600FC0AC1 /* SplashFeature.swift */; };
		96F510192AE97DDB00FC0AC1 /* MainFeature.swift in Sources */ = {isa = PBXBuildFile; fileRef = 96F510182AE97DDB00FC0AC1 /* MainFeature.swift */; };
		96F5101D2AEA5AC900FC0AC1 /* AppDelegate.swift in Sources */ = {isa = PBXBuildFile; fileRef = 96F5101C2AEA5AC900FC0AC1 /* AppDelegate.swift */; };
/* End PBXBuildFile section */

/* Begin PBXFileReference section */
		969BDF4E2AED0D29006C93E2 /* RAKit */ = {isa = PBXFileReference; lastKnownFileType = wrapper; name = RAKit; path = Packages/RAKit; sourceTree = "<group>"; };
		969BDF512AED0FE3006C93E2 /* HomeFeature.swift */ = {isa = PBXFileReference; lastKnownFileType = sourcecode.swift; path = HomeFeature.swift; sourceTree = "<group>"; };
		969BDF532AED1132006C93E2 /* SearchFeature.swift */ = {isa = PBXFileReference; lastKnownFileType = sourcecode.swift; path = SearchFeature.swift; sourceTree = "<group>"; };
		96F50FFD2AE973F200FC0AC1 /* RADemo.app */ = {isa = PBXFileReference; explicitFileType = wrapper.application; includeInIndex = 0; path = RADemo.app; sourceTree = BUILT_PRODUCTS_DIR; };
		96F510002AE973F200FC0AC1 /* RADemoApp.swift */ = {isa = PBXFileReference; lastKnownFileType = sourcecode.swift; path = RADemoApp.swift; sourceTree = "<group>"; };
		96F510042AE973F300FC0AC1 /* Assets.xcassets */ = {isa = PBXFileReference; lastKnownFileType = folder.assetcatalog; path = Assets.xcassets; sourceTree = "<group>"; };
		96F510072AE973F300FC0AC1 /* Preview Assets.xcassets */ = {isa = PBXFileReference; lastKnownFileType = folder.assetcatalog; path = "Preview Assets.xcassets"; sourceTree = "<group>"; };
		96F510122AE9749300FC0AC1 /* AppFeature.swift */ = {isa = PBXFileReference; lastKnownFileType = sourcecode.swift; path = AppFeature.swift; sourceTree = "<group>"; };
		96F510152AE976E600FC0AC1 /* SplashFeature.swift */ = {isa = PBXFileReference; lastKnownFileType = sourcecode.swift; path = SplashFeature.swift; sourceTree = "<group>"; };
		96F510182AE97DDB00FC0AC1 /* MainFeature.swift */ = {isa = PBXFileReference; lastKnownFileType = sourcecode.swift; path = MainFeature.swift; sourceTree = "<group>"; };
		96F5101C2AEA5AC900FC0AC1 /* AppDelegate.swift */ = {isa = PBXFileReference; lastKnownFileType = sourcecode.swift; path = AppDelegate.swift; sourceTree = "<group>"; };
/* End PBXFileReference section */

/* Begin PBXFrameworksBuildPhase section */
		96F50FFA2AE973F200FC0AC1 /* Frameworks */ = {
			isa = PBXFrameworksBuildPhase;
			buildActionMask = 2147483647;
			files = (
				960070472AED0CF600AD47B7 /* RAKit in Frameworks */,
				96F510102AE9746400FC0AC1 /* ComposableArchitecture in Frameworks */,
			);
			runOnlyForDeploymentPostprocessing = 0;
		};
/* End PBXFrameworksBuildPhase section */

/* Begin PBXGroup section */
		969BDF4F2AED0FB0006C93E2 /* Home */ = {
			isa = PBXGroup;
			children = (
				969BDF512AED0FE3006C93E2 /* HomeFeature.swift */,
			);
			path = Home;
			sourceTree = "<group>";
		};
		969BDF502AED0FB7006C93E2 /* Search */ = {
			isa = PBXGroup;
			children = (
				969BDF532AED1132006C93E2 /* SearchFeature.swift */,
			);
			path = Search;
			sourceTree = "<group>";
		};
		96F50FF42AE973F200FC0AC1 = {
			isa = PBXGroup;
			children = (
				969BDF4E2AED0D29006C93E2 /* RAKit */,
				96F5101B2AEA35A300FC0AC1 /* Tests */,
				96F5101A2AEA352700FC0AC1 /* Packages */,
				96F50FFF2AE973F200FC0AC1 /* Source */,
				96F50FFE2AE973F200FC0AC1 /* Products */,
			);
			sourceTree = "<group>";
		};
		96F50FFE2AE973F200FC0AC1 /* Products */ = {
			isa = PBXGroup;
			children = (
				96F50FFD2AE973F200FC0AC1 /* RADemo.app */,
			);
			name = Products;
			sourceTree = "<group>";
		};
		96F50FFF2AE973F200FC0AC1 /* Source */ = {
			isa = PBXGroup;
			children = (
				969BDF502AED0FB7006C93E2 /* Search */,
				969BDF4F2AED0FB0006C93E2 /* Home */,
				96F510172AE97DCE00FC0AC1 /* Main */,
				96F510142AE976DA00FC0AC1 /* Splash */,
				96F510112AE9747300FC0AC1 /* App */,
				96F510002AE973F200FC0AC1 /* RADemoApp.swift */,
				96F510042AE973F300FC0AC1 /* Assets.xcassets */,
				96F510062AE973F300FC0AC1 /* Preview Content */,
			);
			path = Source;
			sourceTree = "<group>";
		};
		96F510062AE973F300FC0AC1 /* Preview Content */ = {
			isa = PBXGroup;
			children = (
				96F510072AE973F300FC0AC1 /* Preview Assets.xcassets */,
			);
			path = "Preview Content";
			sourceTree = "<group>";
		};
		96F510112AE9747300FC0AC1 /* App */ = {
			isa = PBXGroup;
			children = (
				96F510122AE9749300FC0AC1 /* AppFeature.swift */,
				96F5101C2AEA5AC900FC0AC1 /* AppDelegate.swift */,
			);
			path = App;
			sourceTree = "<group>";
		};
		96F510142AE976DA00FC0AC1 /* Splash */ = {
			isa = PBXGroup;
			children = (
				96F510152AE976E600FC0AC1 /* SplashFeature.swift */,
			);
			path = Splash;
			sourceTree = "<group>";
		};
		96F510172AE97DCE00FC0AC1 /* Main */ = {
			isa = PBXGroup;
			children = (
				96F510182AE97DDB00FC0AC1 /* MainFeature.swift */,
			);
			path = Main;
			sourceTree = "<group>";
		};
		96F5101A2AEA352700FC0AC1 /* Packages */ = {
			isa = PBXGroup;
			children = (
			);
			path = Packages;
			sourceTree = "<group>";
		};
		96F5101B2AEA35A300FC0AC1 /* Tests */ = {
			isa = PBXGroup;
			children = (
			);
			path = Tests;
			sourceTree = "<group>";
		};
/* End PBXGroup section */

/* Begin PBXNativeTarget section */
		96F50FFC2AE973F200FC0AC1 /* RADemo */ = {
			isa = PBXNativeTarget;
			buildConfigurationList = 96F5100B2AE973F300FC0AC1 /* Build configuration list for PBXNativeTarget "RADemo" */;
			buildPhases = (
				96F50FF92AE973F200FC0AC1 /* Sources */,
				96F50FFA2AE973F200FC0AC1 /* Frameworks */,
				96F50FFB2AE973F200FC0AC1 /* Resources */,
			);
			buildRules = (
			);
			dependencies = (
			);
			name = RADemo;
			packageProductDependencies = (
				96F5100F2AE9746400FC0AC1 /* ComposableArchitecture */,
				960070462AED0CF600AD47B7 /* RAKit */,
			);
			productName = RADemo;
			productReference = 96F50FFD2AE973F200FC0AC1 /* RADemo.app */;
			productType = "com.apple.product-type.application";
		};
/* End PBXNativeTarget section */

/* Begin PBXProject section */
		96F50FF52AE973F200FC0AC1 /* Project object */ = {
			isa = PBXProject;
			attributes = {
				BuildIndependentTargetsInParallel = 1;
				LastSwiftUpdateCheck = 1500;
				LastUpgradeCheck = 1500;
				TargetAttributes = {
					96F50FFC2AE973F200FC0AC1 = {
						CreatedOnToolsVersion = 15.0;
					};
				};
			};
			buildConfigurationList = 96F50FF82AE973F200FC0AC1 /* Build configuration list for PBXProject "RADemo" */;
			compatibilityVersion = "Xcode 14.0";
			developmentRegion = en;
			hasScannedForEncodings = 0;
			knownRegions = (
				en,
				Base,
			);
			mainGroup = 96F50FF42AE973F200FC0AC1;
			packageReferences = (
				96F5100E2AE9746400FC0AC1 /* XCRemoteSwiftPackageReference "swift-composable-architecture" */,
			);
			productRefGroup = 96F50FFE2AE973F200FC0AC1 /* Products */;
			projectDirPath = "";
			projectRoot = "";
			targets = (
				96F50FFC2AE973F200FC0AC1 /* RADemo */,
			);
		};
/* End PBXProject section */

/* Begin PBXResourcesBuildPhase section */
		96F50FFB2AE973F200FC0AC1 /* Resources */ = {
			isa = PBXResourcesBuildPhase;
			buildActionMask = 2147483647;
			files = (
				96F510082AE973F300FC0AC1 /* Preview Assets.xcassets in Resources */,
				96F510052AE973F300FC0AC1 /* Assets.xcassets in Resources */,
			);
			runOnlyForDeploymentPostprocessing = 0;
		};
/* End PBXResourcesBuildPhase section */

/* Begin PBXSourcesBuildPhase section */
		96F50FF92AE973F200FC0AC1 /* Sources */ = {
			isa = PBXSourcesBuildPhase;
			buildActionMask = 2147483647;
			files = (
				96F510162AE976E600FC0AC1 /* SplashFeature.swift in Sources */,
				96F510192AE97DDB00FC0AC1 /* MainFeature.swift in Sources */,
				96F510132AE9749300FC0AC1 /* AppFeature.swift in Sources */,
				969BDF542AED1132006C93E2 /* SearchFeature.swift in Sources */,
				969BDF522AED0FE3006C93E2 /* HomeFeature.swift in Sources */,
				96F5101D2AEA5AC900FC0AC1 /* AppDelegate.swift in Sources */,
				96F510012AE973F200FC0AC1 /* RADemoApp.swift in Sources */,
			);
			runOnlyForDeploymentPostprocessing = 0;
		};
/* End PBXSourcesBuildPhase section */

/* Begin XCBuildConfiguration section */
		96F510092AE973F300FC0AC1 /* Debug */ = {
			isa = XCBuildConfiguration;
			buildSettings = {
				ALWAYS_SEARCH_USER_PATHS = NO;
				ASSETCATALOG_COMPILER_GENERATE_SWIFT_ASSET_SYMBOL_EXTENSIONS = YES;
				CLANG_ANALYZER_NONNULL = YES;
				CLANG_ANALYZER_NUMBER_OBJECT_CONVERSION = YES_AGGRESSIVE;
				CLANG_CXX_LANGUAGE_STANDARD = "gnu++20";
				CLANG_ENABLE_MODULES = YES;
				CLANG_ENABLE_OBJC_ARC = YES;
				CLANG_ENABLE_OBJC_WEAK = YES;
				CLANG_WARN_BLOCK_CAPTURE_AUTORELEASING = YES;
				CLANG_WARN_BOOL_CONVERSION = YES;
				CLANG_WARN_COMMA = YES;
				CLANG_WARN_CONSTANT_CONVERSION = YES;
				CLANG_WARN_DEPRECATED_OBJC_IMPLEMENTATIONS = YES;
				CLANG_WARN_DIRECT_OBJC_ISA_USAGE = YES_ERROR;
				CLANG_WARN_DOCUMENTATION_COMMENTS = YES;
				CLANG_WARN_EMPTY_BODY = YES;
				CLANG_WARN_ENUM_CONVERSION = YES;
				CLANG_WARN_INFINITE_RECURSION = YES;
				CLANG_WARN_INT_CONVERSION = YES;
				CLANG_WARN_NON_LITERAL_NULL_CONVERSION = YES;
				CLANG_WARN_OBJC_IMPLICIT_RETAIN_SELF = YES;
				CLANG_WARN_OBJC_LITERAL_CONVERSION = YES;
				CLANG_WARN_OBJC_ROOT_CLASS = YES_ERROR;
				CLANG_WARN_QUOTED_INCLUDE_IN_FRAMEWORK_HEADER = YES;
				CLANG_WARN_RANGE_LOOP_ANALYSIS = YES;
				CLANG_WARN_STRICT_PROTOTYPES = YES;
				CLANG_WARN_SUSPICIOUS_MOVE = YES;
				CLANG_WARN_UNGUARDED_AVAILABILITY = YES_AGGRESSIVE;
				CLANG_WARN_UNREACHABLE_CODE = YES;
				CLANG_WARN__DUPLICATE_METHOD_MATCH = YES;
				COPY_PHASE_STRIP = NO;
				DEBUG_INFORMATION_FORMAT = dwarf;
				ENABLE_STRICT_OBJC_MSGSEND = YES;
				ENABLE_TESTABILITY = YES;
				ENABLE_USER_SCRIPT_SANDBOXING = YES;
				GCC_C_LANGUAGE_STANDARD = gnu17;
				GCC_DYNAMIC_NO_PIC = NO;
				GCC_NO_COMMON_BLOCKS = YES;
				GCC_OPTIMIZATION_LEVEL = 0;
				GCC_PREPROCESSOR_DEFINITIONS = (
					"DEBUG=1",
					"$(inherited)",
				);
				GCC_WARN_64_TO_32_BIT_CONVERSION = YES;
				GCC_WARN_ABOUT_RETURN_TYPE = YES_ERROR;
				GCC_WARN_UNDECLARED_SELECTOR = YES;
				GCC_WARN_UNINITIALIZED_AUTOS = YES_AGGRESSIVE;
				GCC_WARN_UNUSED_FUNCTION = YES;
				GCC_WARN_UNUSED_VARIABLE = YES;
				IPHONEOS_DEPLOYMENT_TARGET = 17.0;
				LOCALIZATION_PREFERS_STRING_CATALOGS = YES;
				MTL_ENABLE_DEBUG_INFO = INCLUDE_SOURCE;
				MTL_FAST_MATH = YES;
				ONLY_ACTIVE_ARCH = YES;
				SDKROOT = iphoneos;
				SWIFT_ACTIVE_COMPILATION_CONDITIONS = "DEBUG $(inherited)";
				SWIFT_OPTIMIZATION_LEVEL = "-Onone";
			};
			name = Debug;
		};
		96F5100A2AE973F300FC0AC1 /* Release */ = {
			isa = XCBuildConfiguration;
			buildSettings = {
				ALWAYS_SEARCH_USER_PATHS = NO;
				ASSETCATALOG_COMPILER_GENERATE_SWIFT_ASSET_SYMBOL_EXTENSIONS = YES;
				CLANG_ANALYZER_NONNULL = YES;
				CLANG_ANALYZER_NUMBER_OBJECT_CONVERSION = YES_AGGRESSIVE;
				CLANG_CXX_LANGUAGE_STANDARD = "gnu++20";
				CLANG_ENABLE_MODULES = YES;
				CLANG_ENABLE_OBJC_ARC = YES;
				CLANG_ENABLE_OBJC_WEAK = YES;
				CLANG_WARN_BLOCK_CAPTURE_AUTORELEASING = YES;
				CLANG_WARN_BOOL_CONVERSION = YES;
				CLANG_WARN_COMMA = YES;
				CLANG_WARN_CONSTANT_CONVERSION = YES;
				CLANG_WARN_DEPRECATED_OBJC_IMPLEMENTATIONS = YES;
				CLANG_WARN_DIRECT_OBJC_ISA_USAGE = YES_ERROR;
				CLANG_WARN_DOCUMENTATION_COMMENTS = YES;
				CLANG_WARN_EMPTY_BODY = YES;
				CLANG_WARN_ENUM_CONVERSION = YES;
				CLANG_WARN_INFINITE_RECURSION = YES;
				CLANG_WARN_INT_CONVERSION = YES;
				CLANG_WARN_NON_LITERAL_NULL_CONVERSION = YES;
				CLANG_WARN_OBJC_IMPLICIT_RETAIN_SELF = YES;
				CLANG_WARN_OBJC_LITERAL_CONVERSION = YES;
				CLANG_WARN_OBJC_ROOT_CLASS = YES_ERROR;
				CLANG_WARN_QUOTED_INCLUDE_IN_FRAMEWORK_HEADER = YES;
				CLANG_WARN_RANGE_LOOP_ANALYSIS = YES;
				CLANG_WARN_STRICT_PROTOTYPES = YES;
				CLANG_WARN_SUSPICIOUS_MOVE = YES;
				CLANG_WARN_UNGUARDED_AVAILABILITY = YES_AGGRESSIVE;
				CLANG_WARN_UNREACHABLE_CODE = YES;
				CLANG_WARN__DUPLICATE_METHOD_MATCH = YES;
				COPY_PHASE_STRIP = NO;
				DEBUG_INFORMATION_FORMAT = "dwarf-with-dsym";
				ENABLE_NS_ASSERTIONS = NO;
				ENABLE_STRICT_OBJC_MSGSEND = YES;
				ENABLE_USER_SCRIPT_SANDBOXING = YES;
				GCC_C_LANGUAGE_STANDARD = gnu17;
				GCC_NO_COMMON_BLOCKS = YES;
				GCC_WARN_64_TO_32_BIT_CONVERSION = YES;
				GCC_WARN_ABOUT_RETURN_TYPE = YES_ERROR;
				GCC_WARN_UNDECLARED_SELECTOR = YES;
				GCC_WARN_UNINITIALIZED_AUTOS = YES_AGGRESSIVE;
				GCC_WARN_UNUSED_FUNCTION = YES;
				GCC_WARN_UNUSED_VARIABLE = YES;
				IPHONEOS_DEPLOYMENT_TARGET = 17.0;
				LOCALIZATION_PREFERS_STRING_CATALOGS = YES;
				MTL_ENABLE_DEBUG_INFO = NO;
				MTL_FAST_MATH = YES;
				SDKROOT = iphoneos;
				SWIFT_COMPILATION_MODE = wholemodule;
				VALIDATE_PRODUCT = YES;
			};
			name = Release;
		};
		96F5100C2AE973F300FC0AC1 /* Debug */ = {
			isa = XCBuildConfiguration;
			buildSettings = {
				ASSETCATALOG_COMPILER_APPICON_NAME = AppIcon;
				ASSETCATALOG_COMPILER_GLOBAL_ACCENT_COLOR_NAME = AccentColor;
				CODE_SIGN_STYLE = Automatic;
				CURRENT_PROJECT_VERSION = 1;
				DEVELOPMENT_ASSET_PATHS = "\"Source/Preview Content\"";
				DEVELOPMENT_TEAM = WTDP655XT9;
				ENABLE_PREVIEWS = YES;
				GENERATE_INFOPLIST_FILE = YES;
				INFOPLIST_KEY_UIApplicationSceneManifest_Generation = YES;
				INFOPLIST_KEY_UIApplicationSupportsIndirectInputEvents = YES;
				INFOPLIST_KEY_UILaunchScreen_Generation = YES;
				INFOPLIST_KEY_UISupportedInterfaceOrientations_iPad = "UIInterfaceOrientationPortrait UIInterfaceOrientationPortraitUpsideDown UIInterfaceOrientationLandscapeLeft UIInterfaceOrientationLandscapeRight";
				INFOPLIST_KEY_UISupportedInterfaceOrientations_iPhone = "UIInterfaceOrientationPortrait UIInterfaceOrientationLandscapeLeft UIInterfaceOrientationLandscapeRight";
				LD_RUNPATH_SEARCH_PATHS = (
					"$(inherited)",
					"@executable_path/Frameworks",
				);
				MARKETING_VERSION = 1.0;
				PRODUCT_BUNDLE_IDENTIFIER = es.rpastor.RADemo;
				PRODUCT_NAME = "$(TARGET_NAME)";
				SWIFT_EMIT_LOC_STRINGS = YES;
				SWIFT_VERSION = 5.0;
				TARGETED_DEVICE_FAMILY = "1,2";
			};
			name = Debug;
		};
		96F5100D2AE973F300FC0AC1 /* Release */ = {
			isa = XCBuildConfiguration;
			buildSettings = {
				ASSETCATALOG_COMPILER_APPICON_NAME = AppIcon;
				ASSETCATALOG_COMPILER_GLOBAL_ACCENT_COLOR_NAME = AccentColor;
				CODE_SIGN_STYLE = Automatic;
				CURRENT_PROJECT_VERSION = 1;
				DEVELOPMENT_ASSET_PATHS = "\"Source/Preview Content\"";
				DEVELOPMENT_TEAM = WTDP655XT9;
				ENABLE_PREVIEWS = YES;
				GENERATE_INFOPLIST_FILE = YES;
				INFOPLIST_KEY_UIApplicationSceneManifest_Generation = YES;
				INFOPLIST_KEY_UIApplicationSupportsIndirectInputEvents = YES;
				INFOPLIST_KEY_UILaunchScreen_Generation = YES;
				INFOPLIST_KEY_UISupportedInterfaceOrientations_iPad = "UIInterfaceOrientationPortrait UIInterfaceOrientationPortraitUpsideDown UIInterfaceOrientationLandscapeLeft UIInterfaceOrientationLandscapeRight";
				INFOPLIST_KEY_UISupportedInterfaceOrientations_iPhone = "UIInterfaceOrientationPortrait UIInterfaceOrientationLandscapeLeft UIInterfaceOrientationLandscapeRight";
				LD_RUNPATH_SEARCH_PATHS = (
					"$(inherited)",
					"@executable_path/Frameworks",
				);
				MARKETING_VERSION = 1.0;
				PRODUCT_BUNDLE_IDENTIFIER = es.rpastor.RADemo;
				PRODUCT_NAME = "$(TARGET_NAME)";
				SWIFT_EMIT_LOC_STRINGS = YES;
				SWIFT_VERSION = 5.0;
				TARGETED_DEVICE_FAMILY = "1,2";
			};
			name = Release;
		};
/* End XCBuildConfiguration section */

/* Begin XCConfigurationList section */
		96F50FF82AE973F200FC0AC1 /* Build configuration list for PBXProject "RADemo" */ = {
			isa = XCConfigurationList;
			buildConfigurations = (
				96F510092AE973F300FC0AC1 /* Debug */,
				96F5100A2AE973F300FC0AC1 /* Release */,
			);
			defaultConfigurationIsVisible = 0;
			defaultConfigurationName = Release;
		};
		96F5100B2AE973F300FC0AC1 /* Build configuration list for PBXNativeTarget "RADemo" */ = {
			isa = XCConfigurationList;
			buildConfigurations = (
				96F5100C2AE973F300FC0AC1 /* Debug */,
				96F5100D2AE973F300FC0AC1 /* Release */,
			);
			defaultConfigurationIsVisible = 0;
			defaultConfigurationName = Release;
		};
/* End XCConfigurationList section */

/* Begin XCRemoteSwiftPackageReference section */
		96F5100E2AE9746400FC0AC1 /* XCRemoteSwiftPackageReference "swift-composable-architecture" */ = {
			isa = XCRemoteSwiftPackageReference;
			repositoryURL = "https://github.com/pointfreeco/swift-composable-architecture";
			requirement = {
				kind = upToNextMinorVersion;
				minimumVersion = 1.3.0;
			};
		};
/* End XCRemoteSwiftPackageReference section */

/* Begin XCSwiftPackageProductDependency section */
		960070462AED0CF600AD47B7 /* RAKit */ = {
			isa = XCSwiftPackageProductDependency;
			productName = RAKit;
		};
		96F5100F2AE9746400FC0AC1 /* ComposableArchitecture */ = {
			isa = XCSwiftPackageProductDependency;
			package = 96F5100E2AE9746400FC0AC1 /* XCRemoteSwiftPackageReference "swift-composable-architecture" */;
			productName = ComposableArchitecture;
		};
/* End XCSwiftPackageProductDependency section */
	};
	rootObject = 96F50FF52AE973F200FC0AC1 /* Project object */;
}
